
Microsoft Visual Studio Solution File, Format Version 12.00
# Visual Studio Version 16
VisualStudioVersion = 16.0.29806.167
MinimumVisualStudioVersion = 10.0.40219.1
Project("{FAE04EC0-301F-11D3-BF4B-00C04F79EFBC}") = "02_uebung_klassen_properties", "02_uebung_klassen_properties\02_uebung_klassen_properties.csproj", "{BD704AFD-9518-4571-8A9D-0934C03CB56F}"
EndProject
Project("{FAE04EC0-301F-11D3-BF4B-00C04F79EFBC}") = "uebung_1", "uebung_1\uebung_1.csproj", "{7387EDF1-A3D6-4803-8EDC-94A29FF074B1}"
EndProject
Project("{FAE04EC0-301F-11D3-BF4B-00C04F79EFBC}") = "uebung_2", "uebung_2\uebung_2.csproj", "{9EB2AB47-6D65-4B2D-A969-51B7E42034A5}"
EndProject
Project("{FAE04EC0-301F-11D3-BF4B-00C04F79EFBC}") = "uebung_4", "uebung_4\uebung_4.csproj", "{056E5C69-86AC-4CFE-AD36-6E72D0AC3129}"
EndProject
Global
	GlobalSection(SolutionConfigurationPlatforms) = preSolution
		Debug|Any CPU = Debug|Any CPU
		Release|Any CPU = Release|Any CPU
	EndGlobalSection
	GlobalSection(ProjectConfigurationPlatforms) = postSolution
		{BD704AFD-9518-4571-8A9D-0934C03CB56F}.Debug|Any CPU.ActiveCfg = Debug|Any CPU
		{BD704AFD-9518-4571-8A9D-0934C03CB56F}.Debug|Any CPU.Build.0 = Debug|Any CPU
		{BD704AFD-9518-4571-8A9D-0934C03CB56F}.Release|Any CPU.ActiveCfg = Release|Any CPU
		{BD704AFD-9518-4571-8A9D-0934C03CB56F}.Release|Any CPU.Build.0 = Release|Any CPU
		{7387EDF1-A3D6-4803-8EDC-94A29FF074B1}.Debug|Any CPU.ActiveCfg = Debug|Any CPU
		{7387EDF1-A3D6-4803-8EDC-94A29FF074B1}.Debug|Any CPU.Build.0 = Debug|Any CPU
		{7387EDF1-A3D6-4803-8EDC-94A29FF074B1}.Release|Any CPU.ActiveCfg = Release|Any CPU
		{7387EDF1-A3D6-4803-8EDC-94A29FF074B1}.Release|Any CPU.Build.0 = Release|Any CPU
		{9EB2AB47-6D65-4B2D-A969-51B7E42034A5}.Debug|Any CPU.ActiveCfg = Debug|Any CPU
		{9EB2AB47-6D65-4B2D-A969-51B7E42034A5}.Debug|Any CPU.Build.0 = Debug|Any CPU
		{9EB2AB47-6D65-4B2D-A969-51B7E42034A5}.Release|Any CPU.ActiveCfg = Release|Any CPU
		{9EB2AB47-6D65-4B2D-A969-51B7E42034A5}.Release|Any CPU.Build.0 = Release|Any CPU
		{056E5C69-86AC-4CFE-AD36-6E72D0AC3129}.Debug|Any CPU.ActiveCfg = Debug|Any CPU
		{056E5C69-86AC-4CFE-AD36-6E72D0AC3129}.Debug|Any CPU.Build.0 = Debug|Any CPU
		{056E5C69-86AC-4CFE-AD36-6E72D0AC3129}.Release|Any CPU.ActiveCfg = Release|Any CPU
		{056E5C69-86AC-4CFE-AD36-6E72D0AC3129}.Release|Any CPU.Build.0 = Release|Any CPU
	EndGlobalSection
	GlobalSection(SolutionProperties) = preSolution
		HideSolutionNode = FALSE
	EndGlobalSection
	GlobalSection(ExtensibilityGlobals) = postSolution
		SolutionGuid = {A6211EC4-C920-4DBA-8B8C-CCF017917FFA}
	EndGlobalSection
EndGlobal
